
Microsoft Visual Studio Solution File, Format Version 12.00
# Visual Studio Version 17
VisualStudioVersion = 17.10.35122.118
MinimumVisualStudioVersion = 10.0.40219.1
Project("{9A19103F-16F7-4668-BE54-9A1E7A4F7556}") = "SimpleRAG", "src\SimpleRAG\SimpleRAG.csproj", "{3E467814-1722-4051-8BBD-51EE3A8ABD6F}"
EndProject
Project("{2150E333-8FDC-42A3-9474-1A3956D46DE8}") = "azure-ai-search", "azure-ai-search", "{9685738C-9230-4E7E-BDB0-6AC8630D9EC8}"
	ProjectSection(SolutionItems) = preProject
		..\..\azure-ai-search\ArtisanBread.txt = ..\..\azure-ai-search\ArtisanBread.txt
		..\..\azure-ai-search\README.md = ..\..\azure-ai-search\README.md
	EndProjectSection
EndProject
Project("{9A19103F-16F7-4668-BE54-9A1E7A4F7556}") = "SimpleChatCompletion", "src\SimpleChatCompletion\SimpleChatCompletion.csproj", "{97508CCB-9886-49A4-8F7B-A626D4BFC20B}"
EndProject
Project("{9A19103F-16F7-4668-BE54-9A1E7A4F7556}") = "SimplePlugin", "src\SimplePlugin\SimplePlugin.csproj", "{2D8F4DC6-DA96-4D63-AD3C-3AB5E037F289}"
EndProject
Project("{9A19103F-16F7-4668-BE54-9A1E7A4F7556}") = "SimplePrompt", "src\SimplePrompt\SimplePrompt.csproj", "{D2D84A92-61A1-4C5C-8445-0DE53587EC14}"
EndProject
Global
	GlobalSection(SolutionConfigurationPlatforms) = preSolution
		Debug|Any CPU = Debug|Any CPU
		Release|Any CPU = Release|Any CPU
	EndGlobalSection
	GlobalSection(ProjectConfigurationPlatforms) = postSolution
		{3E467814-1722-4051-8BBD-51EE3A8ABD6F}.Debug|Any CPU.ActiveCfg = Debug|Any CPU
		{3E467814-1722-4051-8BBD-51EE3A8ABD6F}.Debug|Any CPU.Build.0 = Debug|Any CPU
		{3E467814-1722-4051-8BBD-51EE3A8ABD6F}.Release|Any CPU.ActiveCfg = Release|Any CPU
		{3E467814-1722-4051-8BBD-51EE3A8ABD6F}.Release|Any CPU.Build.0 = Release|Any CPU
		{97508CCB-9886-49A4-8F7B-A626D4BFC20B}.Debug|Any CPU.ActiveCfg = Debug|Any CPU
		{97508CCB-9886-49A4-8F7B-A626D4BFC20B}.Debug|Any CPU.Build.0 = Debug|Any CPU
		{97508CCB-9886-49A4-8F7B-A626D4BFC20B}.Release|Any CPU.ActiveCfg = Release|Any CPU
		{97508CCB-9886-49A4-8F7B-A626D4BFC20B}.Release|Any CPU.Build.0 = Release|Any CPU
		{2D8F4DC6-DA96-4D63-AD3C-3AB5E037F289}.Debug|Any CPU.ActiveCfg = Debug|Any CPU
		{2D8F4DC6-DA96-4D63-AD3C-3AB5E037F289}.Debug|Any CPU.Build.0 = Debug|Any CPU
		{2D8F4DC6-DA96-4D63-AD3C-3AB5E037F289}.Release|Any CPU.ActiveCfg = Release|Any CPU
		{2D8F4DC6-DA96-4D63-AD3C-3AB5E037F289}.Release|Any CPU.Build.0 = Release|Any CPU
		{D2D84A92-61A1-4C5C-8445-0DE53587EC14}.Debug|Any CPU.ActiveCfg = Debug|Any CPU
		{D2D84A92-61A1-4C5C-8445-0DE53587EC14}.Debug|Any CPU.Build.0 = Debug|Any CPU
		{D2D84A92-61A1-4C5C-8445-0DE53587EC14}.Release|Any CPU.ActiveCfg = Release|Any CPU
		{D2D84A92-61A1-4C5C-8445-0DE53587EC14}.Release|Any CPU.Build.0 = Release|Any CPU
	EndGlobalSection
	GlobalSection(SolutionProperties) = preSolution
		HideSolutionNode = FALSE
	EndGlobalSection
	GlobalSection(ExtensibilityGlobals) = postSolution
		SolutionGuid = {83003419-19C9-42DE-B6D3-4679B369DCB4}
	EndGlobalSection
EndGlobal
